PODS:
  - AgoraRtcEngine_iOS_Beta (4.0.0.beta.1)

DEPENDENCIES:
  - AgoraRtcEngine_iOS_Beta (= 4.0.0-beta.1)

SPEC REPOS:
  trunk:
    - AgoraRtcEngine_iOS_Beta

SPEC CHECKSUMS:
  AgoraRtcEngine_iOS_Beta: 9b9f5402acea6b8a30efbfe149b916dae90ddcb1

PODFILE CHECKSUM: 21aa236e9073885d9740476660507224ec4dbacc

COCOAPODS: 1.11.3
